Microsoft Visual Studio Solution File, Format Version 12.00
# Visual Studio Version 17
VisualStudioVersion = 17.5.2.0
MinimumVisualStudioVersion = 10.0.40219.1
Project("{FAE04EC0-301F-11D3-BF4B-00C04F79EFBC}") = "PrelimAct1", "PrelimAct1\PrelimAct1.csproj", "{889A3DF1-1797-244A-AA53-0B0EB038B611}"
EndProject
Global
	GlobalSection(SolutionConfigurationPlatforms) = preSolution
		Debug|Any CPU = Debug|Any CPU
		Release|Any CPU = Release|Any CPU
	EndGlobalSection
	GlobalSection(ProjectConfigurationPlatforms) = postSolution
		{889A3DF1-1797-244A-AA53-0B0EB038B611}.Debug|Any CPU.ActiveCfg = Debug|Any CPU
		{889A3DF1-1797-244A-AA53-0B0EB038B611}.Debug|Any CPU.Build.0 = Debug|Any CPU
		{889A3DF1-1797-244A-AA53-0B0EB038B611}.Release|Any CPU.ActiveCfg = Release|Any CPU
		{889A3DF1-1797-244A-AA53-0B0EB038B611}.Release|Any CPU.Build.0 = Release|Any CPU
	EndGlobalSection
	GlobalSection(SolutionProperties) = preSolution
		HideSolutionNode = FALSE
	EndGlobalSection
	GlobalSection(ExtensibilityGlobals) = postSolution
		SolutionGuid = {771FEF75-75BB-48C8-9671-1B4E614458DD}
	EndGlobalSection
EndGlobal
